
Microsoft Visual Studio Solution File, Format Version 12.00
# Visual Studio 15
VisualStudioVersion = 15.0.27703.2026
MinimumVisualStudioVersion = 10.0.40219.1
Project("{FAE04EC0-301F-11D3-BF4B-00C04F79EFBC}") = "DailyReporterPersonal", "DailyReporterPersonal\DailyReporterPersonal.csproj", "{4E85981E-BAD8-424F-977F-F8983D7630EA}"
EndProject
Global
	GlobalSection(SolutionConfigurationPlatforms) = preSolution
		Debug|Any CPU = Debug|Any CPU
		Release|Any CPU = Release|Any CPU
	EndGlobalSection
	GlobalSection(ProjectConfigurationPlatforms) = postSolution
		{4E85981E-BAD8-424F-977F-F8983D7630EA}.Debug|Any CPU.ActiveCfg = Debug|Any CPU
		{4E85981E-BAD8-424F-977F-F8983D7630EA}.Debug|Any CPU.Build.0 = Debug|Any CPU
		{4E85981E-BAD8-424F-977F-F8983D7630EA}.Release|Any CPU.ActiveCfg = Release|Any CPU
		{4E85981E-BAD8-424F-977F-F8983D7630EA}.Release|Any CPU.Build.0 = Release|Any CPU
	EndGlobalSection
	GlobalSection(SolutionProperties) = preSolution
		HideSolutionNode = FALSE
	EndGlobalSection
	GlobalSection(ExtensibilityGlobals) = postSolution
		SolutionGuid = {C02FEFA3-D52B-40D6-9AF8-9081FDF5DEF8}
	EndGlobalSection
EndGlobal
