
Microsoft Visual Studio Solution File, Format Version 12.00
# Visual Studio 15
VisualStudioVersion = 15.0.27703.2026
MinimumVisualStudioVersion = 10.0.40219.1
Project("{FAE04EC0-301F-11D3-BF4B-00C04F79EFBC}") = "WorkspaceManager", "WorkspaceManager\WorkspaceManager.csproj", "{DE822EF0-2BD7-4CF0-B1D8-9B5F09EFE56B}"
EndProject
Global
	GlobalSection(SolutionConfigurationPlatforms) = preSolution
		Debug|Any CPU = Debug|Any CPU
		Release|Any CPU = Release|Any CPU
	EndGlobalSection
	GlobalSection(ProjectConfigurationPlatforms) = postSolution
		{DE822EF0-2BD7-4CF0-B1D8-9B5F09EFE56B}.Debug|Any CPU.ActiveCfg = Debug|Any CPU
		{DE822EF0-2BD7-4CF0-B1D8-9B5F09EFE56B}.Debug|Any CPU.Build.0 = Debug|Any CPU
		{DE822EF0-2BD7-4CF0-B1D8-9B5F09EFE56B}.Release|Any CPU.ActiveCfg = Release|Any CPU
		{DE822EF0-2BD7-4CF0-B1D8-9B5F09EFE56B}.Release|Any CPU.Build.0 = Release|Any CPU
	EndGlobalSection
	GlobalSection(SolutionProperties) = preSolution
		HideSolutionNode = FALSE
	EndGlobalSection
	GlobalSection(ExtensibilityGlobals) = postSolution
		SolutionGuid = {0748200B-2338-41FA-8A76-699F0982D3FC}
	EndGlobalSection
EndGlobal
