
Microsoft Visual Studio Solution File, Format Version 12.00
# Visual Studio 15
VisualStudioVersion = 15.0.28307.102
MinimumVisualStudioVersion = 10.0.40219.1
Project("{FAE04EC0-301F-11D3-BF4B-00C04F79EFBC}") = "Dumbo", "Dumbo\Dumbo.csproj", "{5763FAE0-4924-4B18-A6BF-D830F6C4D285}"
EndProject
Global
	GlobalSection(SolutionConfigurationPlatforms) = preSolution
		Debug|Any CPU = Debug|Any CPU
		Release|Any CPU = Release|Any CPU
	EndGlobalSection
	GlobalSection(ProjectConfigurationPlatforms) = postSolution
		{5763FAE0-4924-4B18-A6BF-D830F6C4D285}.Debug|Any CPU.ActiveCfg = Debug|Any CPU
		{5763FAE0-4924-4B18-A6BF-D830F6C4D285}.Debug|Any CPU.Build.0 = Debug|Any CPU
		{5763FAE0-4924-4B18-A6BF-D830F6C4D285}.Release|Any CPU.ActiveCfg = Release|Any CPU
		{5763FAE0-4924-4B18-A6BF-D830F6C4D285}.Release|Any CPU.Build.0 = Release|Any CPU
	EndGlobalSection
	GlobalSection(SolutionProperties) = preSolution
		HideSolutionNode = FALSE
	EndGlobalSection
	GlobalSection(ExtensibilityGlobals) = postSolution
		SolutionGuid = {C8769C44-4B6B-44F4-AB25-5E15E4D6F30C}
	EndGlobalSection
EndGlobal
